PODS:
  - Alamofire (3.1.5)
  - Cosmos (1.2.1)
  - Firebase (2.5.0)
  - LiquidFloatingActionButton (0.1.1)
  - SwiftyJSON (2.3.2)

DEPENDENCIES:
  - Alamofire (~> 3.0)
  - Cosmos (~> 1.2)
  - Firebase (>= 2.5.0)
  - LiquidFloatingActionButton (from `https://github.com/yoavlt/LiquidFloatingActionButton`,
    branch `swift-2.0`)
  - SwiftyJSON (from `https://github.com/SwiftyJSON/SwiftyJSON.git`)

EXTERNAL SOURCES:
  LiquidFloatingActionButton:
    :branch: swift-2.0
    :git: https://github.com/yoavlt/LiquidFloatingActionButton
  SwiftyJSON:
    :git: https://github.com/SwiftyJSON/SwiftyJSON.git

CHECKOUT OPTIONS:
  LiquidFloatingActionButton:
    :commit: 25de77f23df84e0a0981193abecced8afc2ed9c7
    :git: https://github.com/yoavlt/LiquidFloatingActionButton
  SwiftyJSON:
    :commit: 42bdb102d2624b143c07850ebdc1537d5b6579b6
    :git: https://github.com/SwiftyJSON/SwiftyJSON.git

SPEC CHECKSUMS:
  Alamofire: 5f730ba29fd113b7ddd71c1e65d0c630acf5d7b0
  Cosmos: 27ddd077ef5859659a4bbbbd84137ae717f020e8
  Firebase: 744617c0733b45198f9486ebd5cac64ec2d10d79
  LiquidFloatingActionButton: dcdae1e59eb07eccbf60c027001a4d6731c345c9
  SwiftyJSON: 04ccea08915aa0109039157c7974cf0298da292a

COCOAPODS: 0.39.0
