// !$*UTF8*$!
{
	archiveVersion = 1;
	classes = {
	};
	objectVersion = 46;
	objects = {

/* Begin PBXBuildFile section */
		8509CDA81C5DED9100063F7D /* FindGameVC.swift in Sources */ = {isa = PBXBuildFile; fileRef = 8509CDA71C5DED9100063F7D /* FindGameVC.swift */; };
		8509CDAA1C5DEE2C00063F7D /* SportCell.swift in Sources */ = {isa = PBXBuildFile; fileRef = 8509CDA91C5DEE2C00063F7D /* SportCell.swift */; };
		8510E41C1C75AA9900C73C92 /* ChooseSportNotificationViewController.swift in Sources */ = {isa = PBXBuildFile; fileRef = 8510E41B1C75AA9900C73C92 /* ChooseSportNotificationViewController.swift */; };
		8510E41E1C75C9B300C73C92 /* Message.swift in Sources */ = {isa = PBXBuildFile; fileRef = 8510E41D1C75C9B300C73C92 /* Message.swift */; };
		8510E42A1C785D5200C73C92 /* PublicProfileViewController.swift in Sources */ = {isa = PBXBuildFile; fileRef = 8510E4291C785D5200C73C92 /* PublicProfileViewController.swift */; };
		8548BCF91C7551B000CF3CA3 /* CreateNewLobbyViewController.swift in Sources */ = {isa = PBXBuildFile; fileRef = 8548BCF81C7551B000CF3CA3 /* CreateNewLobbyViewController.swift */; };
		8548BCFB1C755A6300CF3CA3 /* MapViewController.swift in Sources */ = {isa = PBXBuildFile; fileRef = 8548BCFA1C755A6300CF3CA3 /* MapViewController.swift */; };
		8549C1651C8972AC009BA652 /* RivalChooseSportVC.swift in Sources */ = {isa = PBXBuildFile; fileRef = 8549C1641C8972AC009BA652 /* RivalChooseSportVC.swift */; };
		8549C1671C89783A009BA652 /* RivalListViewController.swift in Sources */ = {isa = PBXBuildFile; fileRef = 8549C1661C89783A009BA652 /* RivalListViewController.swift */; };
		8549C1691C897B19009BA652 /* RivalListCell.swift in Sources */ = {isa = PBXBuildFile; fileRef = 8549C1681C897B19009BA652 /* RivalListCell.swift */; };
		8549C16B1C897EFC009BA652 /* RivalScreenViewController.swift in Sources */ = {isa = PBXBuildFile; fileRef = 8549C16A1C897EFC009BA652 /* RivalScreenViewController.swift */; };
		8549C16D1C8AA353009BA652 /* NotificationModel.swift in Sources */ = {isa = PBXBuildFile; fileRef = 8549C16C1C8AA353009BA652 /* NotificationModel.swift */; };
		8549C16F1C8ABA89009BA652 /* NotificationsViewController.swift in Sources */ = {isa = PBXBuildFile; fileRef = 8549C16E1C8ABA89009BA652 /* NotificationsViewController.swift */; };
		8549C1711C8ABBA7009BA652 /* NotificaionTableViewCell.swift in Sources */ = {isa = PBXBuildFile; fileRef = 8549C1701C8ABBA7009BA652 /* NotificaionTableViewCell.swift */; };
		855758711C55944D00399C83 /* Tahoma.ttf in Resources */ = {isa = PBXBuildFile; fileRef = 855758701C55944D00399C83 /* Tahoma.ttf */; };
		855758731C5594AA00399C83 /* Tahoma Bold.ttf in Resources */ = {isa = PBXBuildFile; fileRef = 855758721C5594AA00399C83 /* Tahoma Bold.ttf */; };
		855DF5561C5417E7009B6D82 /* DataService.swift in Sources */ = {isa = PBXBuildFile; fileRef = 855DF5551C5417E7009B6D82 /* DataService.swift */; };
		855DF5581C54360F009B6D82 /* FeedVCViewController.swift in Sources */ = {isa = PBXBuildFile; fileRef = 855DF5571C54360F009B6D82 /* FeedVCViewController.swift */; };
		855DF55A1C543711009B6D82 /* PostCellTableViewCell.swift in Sources */ = {isa = PBXBuildFile; fileRef = 855DF5591C543711009B6D82 /* PostCellTableViewCell.swift */; };
		855DF55E1C54505D009B6D82 /* Post.swift in Sources */ = {isa = PBXBuildFile; fileRef = 855DF55D1C54505D009B6D82 /* Post.swift */; };
		8569C9A81C55E93700CE7197 /* ProfileViewController.swift in Sources */ = {isa = PBXBuildFile; fileRef = 8569C9A71C55E93700CE7197 /* ProfileViewController.swift */; };
		856E84171C55F38D00AC544C /* RivalCollectionViewCell.swift in Sources */ = {isa = PBXBuildFile; fileRef = 856E84161C55F38D00AC544C /* RivalCollectionViewCell.swift */; };
		856E84191C56254100AC544C /* RatingStarContainerView.swift in Sources */ = {isa = PBXBuildFile; fileRef = 856E84181C56254100AC544C /* RatingStarContainerView.swift */; };
		8572F4D11C86AFEF00A3D54E /* RoundButton.swift in Sources */ = {isa = PBXBuildFile; fileRef = 8572F4D01C86AFEF00A3D54E /* RoundButton.swift */; };
		857DA4EE1C79A5A300B0AEA8 /* RecentActivityViewController.swift in Sources */ = {isa = PBXBuildFile; fileRef = 857DA4ED1C79A5A300B0AEA8 /* RecentActivityViewController.swift */; };
		857DA4F01C7A7B5200B0AEA8 /* ChooseSportsTableViewCell.swift in Sources */ = {isa = PBXBuildFile; fileRef = 857DA4EF1C7A7B5200B0AEA8 /* ChooseSportsTableViewCell.swift */; };
		85A3C29B1C536B5A00EF39EA /* AppDelegate.swift in Sources */ = {isa = PBXBuildFile; fileRef = 85A3C29A1C536B5A00EF39EA /* AppDelegate.swift */; };
		85A3C29D1C536B5A00EF39EA /* ViewController.swift in Sources */ = {isa = PBXBuildFile; fileRef = 85A3C29C1C536B5A00EF39EA /* ViewController.swift */; };
		85A3C2A01C536B5A00EF39EA /* Main.storyboard in Resources */ = {isa = PBXBuildFile; fileRef = 85A3C29E1C536B5A00EF39EA /* Main.storyboard */; };
		85A3C2A21C536B5A00EF39EA /* Assets.xcassets in Resources */ = {isa = PBXBuildFile; fileRef = 85A3C2A11C536B5A00EF39EA /* Assets.xcassets */; };
		85A3C2A51C536B5A00EF39EA /* LaunchScreen.storyboard in Resources */ = {isa = PBXBuildFile; fileRef = 85A3C2A31C536B5A00EF39EA /* LaunchScreen.storyboard */; };
		85A3C2B01C536B5A00EF39EA /* SquadUp_iOSTests.swift in Sources */ = {isa = PBXBuildFile; fileRef = 85A3C2AF1C536B5A00EF39EA /* SquadUp_iOSTests.swift */; };
		85A3C2BB1C536B5A00EF39EA /* SquadUp_iOSUITests.swift in Sources */ = {isa = PBXBuildFile; fileRef = 85A3C2BA1C536B5A00EF39EA /* SquadUp_iOSUITests.swift */; };
		85A3C2CD1C536FC900EF39EA /* FacebookLoginContainer.swift in Sources */ = {isa = PBXBuildFile; fileRef = 85A3C2CC1C536FC900EF39EA /* FacebookLoginContainer.swift */; };
		85A3C2CF1C53700500EF39EA /* Constants.swift in Sources */ = {isa = PBXBuildFile; fileRef = 85A3C2CE1C53700500EF39EA /* Constants.swift */; };
		85A3C2D11C53702B00EF39EA /* EmailLoginContainerView.swift in Sources */ = {isa = PBXBuildFile; fileRef = 85A3C2D01C53702B00EF39EA /* EmailLoginContainerView.swift */; };
		85A3C2D31C53704E00EF39EA /* FacebookLoginButton.swift in Sources */ = {isa = PBXBuildFile; fileRef = 85A3C2D21C53704E00EF39EA /* FacebookLoginButton.swift */; };
		85A3C2D51C53707300EF39EA /* EmailPasswordTextField.swift in Sources */ = {isa = PBXBuildFile; fileRef = 85A3C2D41C53707300EF39EA /* EmailPasswordTextField.swift */; };
		85A3C2DA1C5371AF00EF39EA /* NotoSans-Bold.ttf in Resources */ = {isa = PBXBuildFile; fileRef = 85A3C2D61C5371AF00EF39EA /* NotoSans-Bold.ttf */; };
		85A3C2DB1C5371AF00EF39EA /* NotoSans-BoldItalic.ttf in Resources */ = {isa = PBXBuildFile; fileRef = 85A3C2D71C5371AF00EF39EA /* NotoSans-BoldItalic.ttf */; };
		85A3C2DC1C5371AF00EF39EA /* NotoSans-Italic.ttf in Resources */ = {isa = PBXBuildFile; fileRef = 85A3C2D81C5371AF00EF39EA /* NotoSans-Italic.ttf */; };
		85A3C2DD1C5371AF00EF39EA /* NotoSans-Regular.ttf in Resources */ = {isa = PBXBuildFile; fileRef = 85A3C2D91C5371AF00EF39EA /* NotoSans-Regular.ttf */; };
		85A3C2E41C537F3000EF39EA /* Bolts.framework in Frameworks */ = {isa = PBXBuildFile; fileRef = 85A3C2DF1C537F3000EF39EA /* Bolts.framework */; };
		85A3C2E51C537F3000EF39EA /* FBSDKCoreKit.framework in Frameworks */ = {isa = PBXBuildFile; fileRef = 85A3C2E01C537F3000EF39EA /* FBSDKCoreKit.framework */; };
		85A3C2E61C537F3000EF39EA /* FBSDKLoginKit.framework in Frameworks */ = {isa = PBXBuildFile; fileRef = 85A3C2E11C537F3000EF39EA /* FBSDKLoginKit.framework */; };
		85A3C2E71C537F3000EF39EA /* FBSDKMessengerShareKit.framework in Frameworks */ = {isa = PBXBuildFile; fileRef = 85A3C2E21C537F3000EF39EA /* FBSDKMessengerShareKit.framework */; };
		85A3C2E81C537F3000EF39EA /* FBSDKShareKit.framework in Frameworks */ = {isa = PBXBuildFile; fileRef = 85A3C2E31C537F3000EF39EA /* FBSDKShareKit.framework */; };
		85A5E0CA1C7FEFB700B2B5F8 /* PostCellView.swift in Sources */ = {isa = PBXBuildFile; fileRef = 85A5E0C91C7FEFB700B2B5F8 /* PostCellView.swift */; };
		85D664961C61F57D00CBDD0A /* UserModel.swift in Sources */ = {isa = PBXBuildFile; fileRef = 85D664951C61F57D00CBDD0A /* UserModel.swift */; };
		85DA31EE1C6871E00078CCEF /* JoinGameLobbyViewController.swift in Sources */ = {isa = PBXBuildFile; fileRef = 85DA31ED1C6871E00078CCEF /* JoinGameLobbyViewController.swift */; };
		85DA31F01C6872730078CCEF /* JoinLobbyCell.swift in Sources */ = {isa = PBXBuildFile; fileRef = 85DA31EF1C6872730078CCEF /* JoinLobbyCell.swift */; };
		85DA31F21C6883290078CCEF /* LobbyGameModel.swift in Sources */ = {isa = PBXBuildFile; fileRef = 85DA31F11C6883290078CCEF /* LobbyGameModel.swift */; };
		85DA31F41C691BA10078CCEF /* GameLobbyViewController.swift in Sources */ = {isa = PBXBuildFile; fileRef = 85DA31F31C691BA10078CCEF /* GameLobbyViewController.swift */; };
		85F7FE431C8B9FB60082E90E /* MoreSettingsTableViewCell.swift in Sources */ = {isa = PBXBuildFile; fileRef = 85F7FE421C8B9FB60082E90E /* MoreSettingsTableViewCell.swift */; };
		85F7FE451C8BA1080082E90E /* MoreSettingsViewController.swift in Sources */ = {isa = PBXBuildFile; fileRef = 85F7FE441C8BA1080082E90E /* MoreSettingsViewController.swift */; };
		85F8DE011C620E65006DFF11 /* SportViewController.swift in Sources */ = {isa = PBXBuildFile; fileRef = 85F8DE001C620E65006DFF11 /* SportViewController.swift */; };
		9E5E270CFABE55F98D8840C2 /* Pods_SquadUp_iOS.framework in Frameworks */ = {isa = PBXBuildFile; fileRef = 08F697A0BE0BD029798A22E8 /* Pods_SquadUp_iOS.framework */; };
/* End PBXBuildFile section */

/* Begin PBXContainerItemProxy section */
		85A3C2AC1C536B5A00EF39EA /* PBXContainerItemProxy */ = {
			isa = PBXContainerItemProxy;
			containerPortal = 85A3C28F1C536B5A00EF39EA /* Project object */;
			proxyType = 1;
			remoteGlobalIDString = 85A3C2961C536B5A00EF39EA;
			remoteInfo = "SquadUp-iOS";
		};
		85A3C2B71C536B5A00EF39EA /* PBXContainerItemProxy */ = {
			isa = PBXContainerItemProxy;
			containerPortal = 85A3C28F1C536B5A00EF39EA /* Project object */;
			proxyType = 1;
			remoteGlobalIDString = 85A3C2961C536B5A00EF39EA;
			remoteInfo = "SquadUp-iOS";
		};
/* End PBXContainerItemProxy section */

/* Begin PBXFileReference section */
		08F697A0BE0BD029798A22E8 /* Pods_SquadUp_iOS.framework */ = {isa = PBXFileReference; explicitFileType = wrapper.framework; includeInIndex = 0; path = Pods_SquadUp_iOS.framework; sourceTree = BUILT_PRODUCTS_DIR; };
		5C754B29D12BE1A88AD0545A /* Pods-SquadUp-iOS.debug.xcconfig */ = {isa = PBXFileReference; includeInIndex = 1; lastKnownFileType = text.xcconfig; name = "Pods-SquadUp-iOS.debug.xcconfig"; path = "Pods/Target Support Files/Pods-SquadUp-iOS/Pods-SquadUp-iOS.debug.xcconfig"; sourceTree = "<group>"; };
		8509CDA71C5DED9100063F7D /* FindGameVC.swift */ = {isa = PBXFileReference; fileEncoding = 4; lastKnownFileType = sourcecode.swift; path = FindGameVC.swift; sourceTree = "<group>"; };
		8509CDA91C5DEE2C00063F7D /* SportCell.swift */ = {isa = PBXFileReference; fileEncoding = 4; lastKnownFileType = sourcecode.swift; path = SportCell.swift; sourceTree = "<group>"; };
		8510E41B1C75AA9900C73C92 /* ChooseSportNotificationViewController.swift */ = {isa = PBXFileReference; fileEncoding = 4; lastKnownFileType = sourcecode.swift; path = ChooseSportNotificationViewController.swift; sourceTree = "<group>"; };
		8510E41D1C75C9B300C73C92 /* Message.swift */ = {isa = PBXFileReference; fileEncoding = 4; lastKnownFileType = sourcecode.swift; path = Message.swift; sourceTree = "<group>"; };
		8510E4291C785D5200C73C92 /* PublicProfileViewController.swift */ = {isa = PBXFileReference; fileEncoding = 4; lastKnownFileType = sourcecode.swift; path = PublicProfileViewController.swift; sourceTree = "<group>"; };
		8548BCF81C7551B000CF3CA3 /* CreateNewLobbyViewController.swift */ = {isa = PBXFileReference; fileEncoding = 4; lastKnownFileType = sourcecode.swift; path = CreateNewLobbyViewController.swift; sourceTree = "<group>"; };
		8548BCFA1C755A6300CF3CA3 /* MapViewController.swift */ = {isa = PBXFileReference; fileEncoding = 4; lastKnownFileType = sourcecode.swift; path = MapViewController.swift; sourceTree = "<group>"; };
		8549C1641C8972AC009BA652 /* RivalChooseSportVC.swift */ = {isa = PBXFileReference; fileEncoding = 4; lastKnownFileType = sourcecode.swift; path = RivalChooseSportVC.swift; sourceTree = "<group>"; };
		8549C1661C89783A009BA652 /* RivalListViewController.swift */ = {isa = PBXFileReference; fileEncoding = 4; lastKnownFileType = sourcecode.swift; path = RivalListViewController.swift; sourceTree = "<group>"; };
		8549C1681C897B19009BA652 /* RivalListCell.swift */ = {isa = PBXFileReference; fileEncoding = 4; lastKnownFileType = sourcecode.swift; path = RivalListCell.swift; sourceTree = "<group>"; };
		8549C16A1C897EFC009BA652 /* RivalScreenViewController.swift */ = {isa = PBXFileReference; fileEncoding = 4; lastKnownFileType = sourcecode.swift; path = RivalScreenViewController.swift; sourceTree = "<group>"; };
		8549C16C1C8AA353009BA652 /* NotificationModel.swift */ = {isa = PBXFileReference; fileEncoding = 4; lastKnownFileType = sourcecode.swift; path = NotificationModel.swift; sourceTree = "<group>"; };
		8549C16E1C8ABA89009BA652 /* NotificationsViewController.swift */ = {isa = PBXFileReference; fileEncoding = 4; lastKnownFileType = sourcecode.swift; path = NotificationsViewController.swift; sourceTree = "<group>"; };
		8549C1701C8ABBA7009BA652 /* NotificaionTableViewCell.swift */ = {isa = PBXFileReference; fileEncoding = 4; lastKnownFileType = sourcecode.swift; path = NotificaionTableViewCell.swift; sourceTree = "<group>"; };
		855758701C55944D00399C83 /* Tahoma.ttf */ = {isa = PBXFileReference; lastKnownFileType = file; path = Tahoma.ttf; sourceTree = "<group>"; };
		855758721C5594AA00399C83 /* Tahoma Bold.ttf */ = {isa = PBXFileReference; lastKnownFileType = file; path = "Tahoma Bold.ttf"; sourceTree = "<group>"; };
		855DF5551C5417E7009B6D82 /* DataService.swift */ = {isa = PBXFileReference; fileEncoding = 4; lastKnownFileType = sourcecode.swift; path = DataService.swift; sourceTree = "<group>"; };
		855DF5571C54360F009B6D82 /* FeedVCViewController.swift */ = {isa = PBXFileReference; fileEncoding = 4; lastKnownFileType = sourcecode.swift; path = FeedVCViewController.swift; sourceTree = "<group>"; };
		855DF5591C543711009B6D82 /* PostCellTableViewCell.swift */ = {isa = PBXFileReference; fileEncoding = 4; lastKnownFileType = sourcecode.swift; path = PostCellTableViewCell.swift; sourceTree = "<group>"; };
		855DF55D1C54505D009B6D82 /* Post.swift */ = {isa = PBXFileReference; fileEncoding = 4; lastKnownFileType = sourcecode.swift; path = Post.swift; sourceTree = "<group>"; };
		8569C9A71C55E93700CE7197 /* ProfileViewController.swift */ = {isa = PBXFileReference; fileEncoding = 4; lastKnownFileType = sourcecode.swift; path = ProfileViewController.swift; sourceTree = "<group>"; };
		856C67111C5CA3F300012D28 /* SquadUp-iOS-Bridging-Header.h */ = {isa = PBXFileReference; lastKnownFileType = sourcecode.c.h; path = "SquadUp-iOS-Bridging-Header.h"; sourceTree = "<group>"; };
		856E84161C55F38D00AC544C /* RivalCollectionViewCell.swift */ = {isa = PBXFileReference; fileEncoding = 4; lastKnownFileType = sourcecode.swift; path = RivalCollectionViewCell.swift; sourceTree = "<group>"; };
		856E84181C56254100AC544C /* RatingStarContainerView.swift */ = {isa = PBXFileReference; fileEncoding = 4; lastKnownFileType = sourcecode.swift; path = RatingStarContainerView.swift; sourceTree = "<group>"; };
		8572F4D01C86AFEF00A3D54E /* RoundButton.swift */ = {isa = PBXFileReference; fileEncoding = 4; lastKnownFileType = sourcecode.swift; path = RoundButton.swift; sourceTree = "<group>"; };
		857DA4ED1C79A5A300B0AEA8 /* RecentActivityViewController.swift */ = {isa = PBXFileReference; fileEncoding = 4; lastKnownFileType = sourcecode.swift; path = RecentActivityViewController.swift; sourceTree = "<group>"; };
		857DA4EF1C7A7B5200B0AEA8 /* ChooseSportsTableViewCell.swift */ = {isa = PBXFileReference; fileEncoding = 4; lastKnownFileType = sourcecode.swift; path = ChooseSportsTableViewCell.swift; sourceTree = "<group>"; };
		85A3C2971C536B5A00EF39EA /* SquadUp-iOS.app */ = {isa = PBXFileReference; explicitFileType = wrapper.application; includeInIndex = 0; path = "SquadUp-iOS.app"; sourceTree = BUILT_PRODUCTS_DIR; };
		85A3C29A1C536B5A00EF39EA /* AppDelegate.swift */ = {isa = PBXFileReference; lastKnownFileType = sourcecode.swift; path = AppDelegate.swift; sourceTree = "<group>"; };
		85A3C29C1C536B5A00EF39EA /* ViewController.swift */ = {isa = PBXFileReference; lastKnownFileType = sourcecode.swift; path = ViewController.swift; sourceTree = "<group>"; };
		85A3C29F1C536B5A00EF39EA /* Base */ = {isa = PBXFileReference; lastKnownFileType = file.storyboard; name = Base; path = Base.lproj/Main.storyboard; sourceTree = "<group>"; };
		85A3C2A11C536B5A00EF39EA /* Assets.xcassets */ = {isa = PBXFileReference; lastKnownFileType = folder.assetcatalog; path = Assets.xcassets; sourceTree = "<group>"; };
		85A3C2A41C536B5A00EF39EA /* Base */ = {isa = PBXFileReference; lastKnownFileType = file.storyboard; name = Base; path = Base.lproj/LaunchScreen.storyboard; sourceTree = "<group>"; };
		85A3C2A61C536B5A00EF39EA /* Info.plist */ = {isa = PBXFileReference; lastKnownFileType = text.plist.xml; path = Info.plist; sourceTree = "<group>"; };
		85A3C2AB1C536B5A00EF39EA /* SquadUp-iOSTests.xctest */ = {isa = PBXFileReference; explicitFileType = wrapper.cfbundle; includeInIndex = 0; path = "SquadUp-iOSTests.xctest"; sourceTree = BUILT_PRODUCTS_DIR; };
		85A3C2AF1C536B5A00EF39EA /* SquadUp_iOSTests.swift */ = {isa = PBXFileReference; lastKnownFileType = sourcecode.swift; path = SquadUp_iOSTests.swift; sourceTree = "<group>"; };
		85A3C2B11C536B5A00EF39EA /* Info.plist */ = {isa = PBXFileReference; lastKnownFileType = text.plist.xml; path = Info.plist; sourceTree = "<group>"; };
		85A3C2B61C536B5A00EF39EA /* SquadUp-iOSUITests.xctest */ = {isa = PBXFileReference; explicitFileType = wrapper.cfbundle; includeInIndex = 0; path = "SquadUp-iOSUITests.xctest"; sourceTree = BUILT_PRODUCTS_DIR; };
		85A3C2BA1C536B5A00EF39EA /* SquadUp_iOSUITests.swift */ = {isa = PBXFileReference; lastKnownFileType = sourcecode.swift; path = SquadUp_iOSUITests.swift; sourceTree = "<group>"; };
		85A3C2BC1C536B5A00EF39EA /* Info.plist */ = {isa = PBXFileReference; lastKnownFileType = text.plist.xml; path = Info.plist; sourceTree = "<group>"; };
		85A3C2CC1C536FC900EF39EA /* FacebookLoginContainer.swift */ = {isa = PBXFileReference; fileEncoding = 4; lastKnownFileType = sourcecode.swift; path = FacebookLoginContainer.swift; sourceTree = "<group>"; };
		85A3C2CE1C53700500EF39EA /* Constants.swift */ = {isa = PBXFileReference; fileEncoding = 4; lastKnownFileType = sourcecode.swift; path = Constants.swift; sourceTree = "<group>"; };
		85A3C2D01C53702B00EF39EA /* EmailLoginContainerView.swift */ = {isa = PBXFileReference; fileEncoding = 4; lastKnownFileType = sourcecode.swift; path = EmailLoginContainerView.swift; sourceTree = "<group>"; };
		85A3C2D21C53704E00EF39EA /* FacebookLoginButton.swift */ = {isa = PBXFileReference; fileEncoding = 4; lastKnownFileType = sourcecode.swift; path = FacebookLoginButton.swift; sourceTree = "<group>"; };
		85A3C2D41C53707300EF39EA /* EmailPasswordTextField.swift */ = {isa = PBXFileReference; fileEncoding = 4; lastKnownFileType = sourcecode.swift; path = EmailPasswordTextField.swift; sourceTree = "<group>"; };
		85A3C2D61C5371AF00EF39EA /* NotoSans-Bold.ttf */ = {isa = PBXFileReference; lastKnownFileType = file; path = "NotoSans-Bold.ttf"; sourceTree = "<group>"; };
		85A3C2D71C5371AF00EF39EA /* NotoSans-BoldItalic.ttf */ = {isa = PBXFileReference; lastKnownFileType = file; path = "NotoSans-BoldItalic.ttf"; sourceTree = "<group>"; };
		85A3C2D81C5371AF00EF39EA /* NotoSans-Italic.ttf */ = {isa = PBXFileReference; lastKnownFileType = file; path = "NotoSans-Italic.ttf"; sourceTree = "<group>"; };
		85A3C2D91C5371AF00EF39EA /* NotoSans-Regular.ttf */ = {isa = PBXFileReference; lastKnownFileType = file; path = "NotoSans-Regular.ttf"; sourceTree = "<group>"; };
		85A3C2DF1C537F3000EF39EA /* Bolts.framework */ = {isa = PBXFileReference; lastKnownFileType = wrapper.framework; path = Bolts.framework; sourceTree = "<group>"; };
		85A3C2E01C537F3000EF39EA /* FBSDKCoreKit.framework */ = {isa = PBXFileReference; lastKnownFileType = wrapper.framework; path = FBSDKCoreKit.framework; sourceTree = "<group>"; };
		85A3C2E11C537F3000EF39EA /* FBSDKLoginKit.framework */ = {isa = PBXFileReference; lastKnownFileType = wrapper.framework; path = FBSDKLoginKit.framework; sourceTree = "<group>"; };
		85A3C2E21C537F3000EF39EA /* FBSDKMessengerShareKit.framework */ = {isa = PBXFileReference; lastKnownFileType = wrapper.framework; path = FBSDKMessengerShareKit.framework; sourceTree = "<group>"; };
		85A3C2E31C537F3000EF39EA /* FBSDKShareKit.framework */ = {isa = PBXFileReference; lastKnownFileType = wrapper.framework; path = FBSDKShareKit.framework; sourceTree = "<group>"; };
		85A5E0C91C7FEFB700B2B5F8 /* PostCellView.swift */ = {isa = PBXFileReference; fileEncoding = 4; lastKnownFileType = sourcecode.swift; path = PostCellView.swift; sourceTree = "<group>"; };
		85D664951C61F57D00CBDD0A /* UserModel.swift */ = {isa = PBXFileReference; fileEncoding = 4; lastKnownFileType = sourcecode.swift; path = UserModel.swift; sourceTree = "<group>"; };
		85DA31ED1C6871E00078CCEF /* JoinGameLobbyViewController.swift */ = {isa = PBXFileReference; fileEncoding = 4; lastKnownFileType = sourcecode.swift; path = JoinGameLobbyViewController.swift; sourceTree = "<group>"; };
		85DA31EF1C6872730078CCEF /* JoinLobbyCell.swift */ = {isa = PBXFileReference; fileEncoding = 4; lastKnownFileType = sourcecode.swift; path = JoinLobbyCell.swift; sourceTree = "<group>"; };
		85DA31F11C6883290078CCEF /* LobbyGameModel.swift */ = {isa = PBXFileReference; fileEncoding = 4; lastKnownFileType = sourcecode.swift; path = LobbyGameModel.swift; sourceTree = "<group>"; };
		85DA31F31C691BA10078CCEF /* GameLobbyViewController.swift */ = {isa = PBXFileReference; fileEncoding = 4; lastKnownFileType = sourcecode.swift; path = GameLobbyViewController.swift; sourceTree = "<group>"; };
		85F7FE421C8B9FB60082E90E /* MoreSettingsTableViewCell.swift */ = {isa = PBXFileReference; fileEncoding = 4; lastKnownFileType = sourcecode.swift; path = MoreSettingsTableViewCell.swift; sourceTree = "<group>"; };
		85F7FE441C8BA1080082E90E /* MoreSettingsViewController.swift */ = {isa = PBXFileReference; fileEncoding = 4; lastKnownFileType = sourcecode.swift; path = MoreSettingsViewController.swift; sourceTree = "<group>"; };
		85F8DE001C620E65006DFF11 /* SportViewController.swift */ = {isa = PBXFileReference; fileEncoding = 4; lastKnownFileType = sourcecode.swift; path = SportViewController.swift; sourceTree = "<group>"; };
		B6C299F964AD7AAF68FAB18B /* Pods-SquadUp-iOS.release.xcconfig */ = {isa = PBXFileReference; includeInIndex = 1; lastKnownFileType = text.xcconfig; name = "Pods-SquadUp-iOS.release.xcconfig"; path = "Pods/Target Support Files/Pods-SquadUp-iOS/Pods-SquadUp-iOS.release.xcconfig"; sourceTree = "<group>"; };
/* End PBXFileReference section */

/* Begin PBXFrameworksBuildPhase section */
		85A3C2941C536B5A00EF39EA /* Frameworks */ = {
			isa = PBXFrameworksBuildPhase;
			buildActionMask = 2147483647;
			files = (
				85A3C2E71C537F3000EF39EA /* FBSDKMessengerShareKit.framework in Frameworks */,
				85A3C2E41C537F3000EF39EA /* Bolts.framework in Frameworks */,
				85A3C2E81C537F3000EF39EA /* FBSDKShareKit.framework in Frameworks */,
				85A3C2E51C537F3000EF39EA /* FBSDKCoreKit.framework in Frameworks */,
				85A3C2E61C537F3000EF39EA /* FBSDKLoginKit.framework in Frameworks */,
				9E5E270CFABE55F98D8840C2 /* Pods_SquadUp_iOS.framework in Frameworks */,
			);
			runOnlyForDeploymentPostprocessing = 0;
		};
		85A3C2A81C536B5A00EF39EA /* Frameworks */ = {
			isa = PBXFrameworksBuildPhase;
			buildActionMask = 2147483647;
			files = (
			);
			runOnlyForDeploymentPostprocessing = 0;
		};
		85A3C2B31C536B5A00EF39EA /* Frameworks */ = {
			isa = PBXFrameworksBuildPhase;
			buildActionMask = 2147483647;
			files = (
			);
			runOnlyForDeploymentPostprocessing = 0;
		};
/* End PBXFrameworksBuildPhase section */

/* Begin PBXGroup section */
		0C69BEE00844CCEC4C58819F /* Pods */ = {
			isa = PBXGroup;
			children = (
				5C754B29D12BE1A88AD0545A /* Pods-SquadUp-iOS.debug.xcconfig */,
				B6C299F964AD7AAF68FAB18B /* Pods-SquadUp-iOS.release.xcconfig */,
			);
			name = Pods;
			sourceTree = "<group>";
		};
		2C249A82A0EBD3D18E24EA35 /* Frameworks */ = {
			isa = PBXGroup;
			children = (
				08F697A0BE0BD029798A22E8 /* Pods_SquadUp_iOS.framework */,
			);
			name = Frameworks;
			sourceTree = "<group>";
		};
		855DF5541C5417DE009B6D82 /* Service */ = {
			isa = PBXGroup;
			children = (
				855DF5551C5417E7009B6D82 /* DataService.swift */,
			);
			name = Service;
			sourceTree = "<group>";
		};
		85A3C28E1C536B5A00EF39EA = {
			isa = PBXGroup;
			children = (
				85A3C2991C536B5A00EF39EA /* SquadUp-iOS */,
				85A3C2CB1C536F9B00EF39EA /* Utilities */,
				85A3C2AE1C536B5A00EF39EA /* SquadUp-iOSTests */,
				85A3C2B91C536B5A00EF39EA /* SquadUp-iOSUITests */,
				85A3C2981C536B5A00EF39EA /* Products */,
				0C69BEE00844CCEC4C58819F /* Pods */,
				2C249A82A0EBD3D18E24EA35 /* Frameworks */,
			);
			sourceTree = "<group>";
		};
		85A3C2981C536B5A00EF39EA /* Products */ = {
			isa = PBXGroup;
			children = (
				85A3C2971C536B5A00EF39EA /* SquadUp-iOS.app */,
				85A3C2AB1C536B5A00EF39EA /* SquadUp-iOSTests.xctest */,
				85A3C2B61C536B5A00EF39EA /* SquadUp-iOSUITests.xctest */,
			);
			name = Products;
			sourceTree = "<group>";
		};
		85A3C2991C536B5A00EF39EA /* SquadUp-iOS */ = {
			isa = PBXGroup;
			children = (
				855DF5541C5417DE009B6D82 /* Service */,
				85A3C2DE1C537F2500EF39EA /* Frameworks */,
				85A3C2CA1C536F9700EF39EA /* Controller */,
				85A3C2C91C536F9400EF39EA /* View */,
				85A3C2C81C536F8F00EF39EA /* Model */,
				85A3C29A1C536B5A00EF39EA /* AppDelegate.swift */,
				85A3C29E1C536B5A00EF39EA /* Main.storyboard */,
				85A3C2A11C536B5A00EF39EA /* Assets.xcassets */,
				85A3C2A31C536B5A00EF39EA /* LaunchScreen.storyboard */,
				85A3C2A61C536B5A00EF39EA /* Info.plist */,
			);
			path = "SquadUp-iOS";
			sourceTree = "<group>";
		};
		85A3C2AE1C536B5A00EF39EA /* SquadUp-iOSTests */ = {
			isa = PBXGroup;
			children = (
				85A3C2AF1C536B5A00EF39EA /* SquadUp_iOSTests.swift */,
				85A3C2B11C536B5A00EF39EA /* Info.plist */,
			);
			path = "SquadUp-iOSTests";
			sourceTree = "<group>";
		};
		85A3C2B91C536B5A00EF39EA /* SquadUp-iOSUITests */ = {
			isa = PBXGroup;
			children = (
				85A3C2BA1C536B5A00EF39EA /* SquadUp_iOSUITests.swift */,
				85A3C2BC1C536B5A00EF39EA /* Info.plist */,
			);
			path = "SquadUp-iOSUITests";
			sourceTree = "<group>";
		};
		85A3C2C81C536F8F00EF39EA /* Model */ = {
			isa = PBXGroup;
			children = (
				855DF55D1C54505D009B6D82 /* Post.swift */,
				85D664951C61F57D00CBDD0A /* UserModel.swift */,
				85DA31F11C6883290078CCEF /* LobbyGameModel.swift */,
				8549C16C1C8AA353009BA652 /* NotificationModel.swift */,
				8510E41D1C75C9B300C73C92 /* Message.swift */,
			);
			name = Model;
			sourceTree = "<group>";
		};
		85A3C2C91C536F9400EF39EA /* View */ = {
			isa = PBXGroup;
			children = (
				85F7FE421C8B9FB60082E90E /* MoreSettingsTableViewCell.swift */,
				85A3C2CC1C536FC900EF39EA /* FacebookLoginContainer.swift */,
				85A3C2D01C53702B00EF39EA /* EmailLoginContainerView.swift */,
				85A5E0C91C7FEFB700B2B5F8 /* PostCellView.swift */,
				85A3C2D21C53704E00EF39EA /* FacebookLoginButton.swift */,
				85A3C2D41C53707300EF39EA /* EmailPasswordTextField.swift */,
				855DF5591C543711009B6D82 /* PostCellTableViewCell.swift */,
				856E84161C55F38D00AC544C /* RivalCollectionViewCell.swift */,
				856E84181C56254100AC544C /* RatingStarContainerView.swift */,
				8509CDA91C5DEE2C00063F7D /* SportCell.swift */,
				85DA31EF1C6872730078CCEF /* JoinLobbyCell.swift */,
				857DA4EF1C7A7B5200B0AEA8 /* ChooseSportsTableViewCell.swift */,
				8572F4D01C86AFEF00A3D54E /* RoundButton.swift */,
				8549C1681C897B19009BA652 /* RivalListCell.swift */,
				8549C1701C8ABBA7009BA652 /* NotificaionTableViewCell.swift */,
			);
			name = View;
			sourceTree = "<group>";
		};
		85A3C2CA1C536F9700EF39EA /* Controller */ = {
			isa = PBXGroup;
			children = (
				85A3C29C1C536B5A00EF39EA /* ViewController.swift */,
				855DF5571C54360F009B6D82 /* FeedVCViewController.swift */,
				8569C9A71C55E93700CE7197 /* ProfileViewController.swift */,
				8510E4291C785D5200C73C92 /* PublicProfileViewController.swift */,
				8509CDA71C5DED9100063F7D /* FindGameVC.swift */,
				85F8DE001C620E65006DFF11 /* SportViewController.swift */,
				85DA31ED1C6871E00078CCEF /* JoinGameLobbyViewController.swift */,
				85DA31F31C691BA10078CCEF /* GameLobbyViewController.swift */,
				8548BCF81C7551B000CF3CA3 /* CreateNewLobbyViewController.swift */,
				8548BCFA1C755A6300CF3CA3 /* MapViewController.swift */,
				8510E41B1C75AA9900C73C92 /* ChooseSportNotificationViewController.swift */,
				857DA4ED1C79A5A300B0AEA8 /* RecentActivityViewController.swift */,
				8549C1641C8972AC009BA652 /* RivalChooseSportVC.swift */,
				8549C1661C89783A009BA652 /* RivalListViewController.swift */,
				8549C16A1C897EFC009BA652 /* RivalScreenViewController.swift */,
				8549C16E1C8ABA89009BA652 /* NotificationsViewController.swift */,
				85F7FE441C8BA1080082E90E /* MoreSettingsViewController.swift */,
			);
			name = Controller;
			sourceTree = "<group>";
		};
		85A3C2CB1C536F9B00EF39EA /* Utilities */ = {
			isa = PBXGroup;
			children = (
				855758721C5594AA00399C83 /* Tahoma Bold.ttf */,
				855758701C55944D00399C83 /* Tahoma.ttf */,
				85A3C2D61C5371AF00EF39EA /* NotoSans-Bold.ttf */,
				85A3C2D71C5371AF00EF39EA /* NotoSans-BoldItalic.ttf */,
				85A3C2D81C5371AF00EF39EA /* NotoSans-Italic.ttf */,
				85A3C2D91C5371AF00EF39EA /* NotoSans-Regular.ttf */,
				85A3C2CE1C53700500EF39EA /* Constants.swift */,
				856C67111C5CA3F300012D28 /* SquadUp-iOS-Bridging-Header.h */,
			);
			name = Utilities;
			path = "SquadUp-iOS";
			sourceTree = "<group>";
		};
		85A3C2DE1C537F2500EF39EA /* Frameworks */ = {
			isa = PBXGroup;
			children = (
				85A3C2DF1C537F3000EF39EA /* Bolts.framework */,
				85A3C2E01C537F3000EF39EA /* FBSDKCoreKit.framework */,
				85A3C2E11C537F3000EF39EA /* FBSDKLoginKit.framework */,
				85A3C2E21C537F3000EF39EA /* FBSDKMessengerShareKit.framework */,
				85A3C2E31C537F3000EF39EA /* FBSDKShareKit.framework */,
			);
			name = Frameworks;
			sourceTree = "<group>";
		};
/* End PBXGroup section */

/* Begin PBXNativeTarget section */
		85A3C2961C536B5A00EF39EA /* SquadUp-iOS */ = {
			isa = PBXNativeTarget;
			buildConfigurationList = 85A3C2BF1C536B5A00EF39EA /* Build configuration list for PBXNativeTarget "SquadUp-iOS" */;
			buildPhases = (
				66FC7964325E39492F347F3A /* Check Pods Manifest.lock */,
				85A3C2931C536B5A00EF39EA /* Sources */,
				85A3C2941C536B5A00EF39EA /* Frameworks */,
				85A3C2951C536B5A00EF39EA /* Resources */,
				0649BE8E1967AEADEE80EE91 /* Embed Pods Frameworks */,
				4EE2568371E503D8F3039BDA /* Copy Pods Resources */,
			);
			buildRules = (
			);
			dependencies = (
			);
			name = "SquadUp-iOS";
			productName = "SquadUp-iOS";
			productReference = 85A3C2971C536B5A00EF39EA /* SquadUp-iOS.app */;
			productType = "com.apple.product-type.application";
		};
		85A3C2AA1C536B5A00EF39EA /* SquadUp-iOSTests */ = {
			isa = PBXNativeTarget;
			buildConfigurationList = 85A3C2C21C536B5A00EF39EA /* Build configuration list for PBXNativeTarget "SquadUp-iOSTests" */;
			buildPhases = (
				85A3C2A71C536B5A00EF39EA /* Sources */,
				85A3C2A81C536B5A00EF39EA /* Frameworks */,
				85A3C2A91C536B5A00EF39EA /* Resources */,
			);
			buildRules = (
			);
			dependencies = (
				85A3C2AD1C536B5A00EF39EA /* PBXTargetDependency */,
			);
			name = "SquadUp-iOSTests";
			productName = "SquadUp-iOSTests";
			productReference = 85A3C2AB1C536B5A00EF39EA /* SquadUp-iOSTests.xctest */;
			productType = "com.apple.product-type.bundle.unit-test";
		};
		85A3C2B51C536B5A00EF39EA /* SquadUp-iOSUITests */ = {
			isa = PBXNativeTarget;
			buildConfigurationList = 85A3C2C51C536B5A00EF39EA /* Build configuration list for PBXNativeTarget "SquadUp-iOSUITests" */;
			buildPhases = (
				85A3C2B21C536B5A00EF39EA /* Sources */,
				85A3C2B31C536B5A00EF39EA /* Frameworks */,
				85A3C2B41C536B5A00EF39EA /* Resources */,
			);
			buildRules = (
			);
			dependencies = (
				85A3C2B81C536B5A00EF39EA /* PBXTargetDependency */,
			);
			name = "SquadUp-iOSUITests";
			productName = "SquadUp-iOSUITests";
			productReference = 85A3C2B61C536B5A00EF39EA /* SquadUp-iOSUITests.xctest */;
			productType = "com.apple.product-type.bundle.ui-testing";
		};
/* End PBXNativeTarget section */

/* Begin PBXProject section */
		85A3C28F1C536B5A00EF39EA /* Project object */ = {
			isa = PBXProject;
			attributes = {
				LastSwiftUpdateCheck = 0720;
				LastUpgradeCheck = 0720;
				ORGANIZATIONNAME = "Shaheen Sharifian";
				TargetAttributes = {
					85A3C2961C536B5A00EF39EA = {
						CreatedOnToolsVersion = 7.2;
						DevelopmentTeam = YVWC7B99QW;
					};
					85A3C2AA1C536B5A00EF39EA = {
						CreatedOnToolsVersion = 7.2;
						DevelopmentTeam = YVWC7B99QW;
						TestTargetID = 85A3C2961C536B5A00EF39EA;
					};
					85A3C2B51C536B5A00EF39EA = {
						CreatedOnToolsVersion = 7.2;
						DevelopmentTeam = YVWC7B99QW;
						TestTargetID = 85A3C2961C536B5A00EF39EA;
					};
				};
			};
			buildConfigurationList = 85A3C2921C536B5A00EF39EA /* Build configuration list for PBXProject "SquadUp-iOS" */;
			compatibilityVersion = "Xcode 3.2";
			developmentRegion = English;
			hasScannedForEncodings = 0;
			knownRegions = (
				en,
				Base,
			);
			mainGroup = 85A3C28E1C536B5A00EF39EA;
			productRefGroup = 85A3C2981C536B5A00EF39EA /* Products */;
			projectDirPath = "";
			projectRoot = "";
			targets = (
				85A3C2961C536B5A00EF39EA /* SquadUp-iOS */,
				85A3C2AA1C536B5A00EF39EA /* SquadUp-iOSTests */,
				85A3C2B51C536B5A00EF39EA /* SquadUp-iOSUITests */,
			);
		};
/* End PBXProject section */

/* Begin PBXResourcesBuildPhase section */
		85A3C2951C536B5A00EF39EA /* Resources */ = {
			isa = PBXResourcesBuildPhase;
			buildActionMask = 2147483647;
			files = (
				855758711C55944D00399C83 /* Tahoma.ttf in Resources */,
				85A3C2DA1C5371AF00EF39EA /* NotoSans-Bold.ttf in Resources */,
				85A3C2A51C536B5A00EF39EA /* LaunchScreen.storyboard in Resources */,
				85A3C2DB1C5371AF00EF39EA /* NotoSans-BoldItalic.ttf in Resources */,
				85A3C2DC1C5371AF00EF39EA /* NotoSans-Italic.ttf in Resources */,
				85A3C2A21C536B5A00EF39EA /* Assets.xcassets in Resources */,
				85A3C2A01C536B5A00EF39EA /* Main.storyboard in Resources */,
				855758731C5594AA00399C83 /* Tahoma Bold.ttf in Resources */,
				85A3C2DD1C5371AF00EF39EA /* NotoSans-Regular.ttf in Resources */,
			);
			runOnlyForDeploymentPostprocessing = 0;
		};
		85A3C2A91C536B5A00EF39EA /* Resources */ = {
			isa = PBXResourcesBuildPhase;
			buildActionMask = 2147483647;
			files = (
			);
			runOnlyForDeploymentPostprocessing = 0;
		};
		85A3C2B41C536B5A00EF39EA /* Resources */ = {
			isa = PBXResourcesBuildPhase;
			buildActionMask = 2147483647;
			files = (
			);
			runOnlyForDeploymentPostprocessing = 0;
		};
/* End PBXResourcesBuildPhase section */

/* Begin PBXShellScriptBuildPhase section */
		0649BE8E1967AEADEE80EE91 /* Embed Pods Frameworks */ = {
			isa = PBXShellScriptBuildPhase;
			buildActionMask = 2147483647;
			files = (
			);
			inputPaths = (
			);
			name = "Embed Pods Frameworks";
			outputPaths = (
			);
			runOnlyForDeploymentPostprocessing = 0;
			shellPath = /bin/sh;
			shellScript = "\"${SRCROOT}/Pods/Target Support Files/Pods-SquadUp-iOS/Pods-SquadUp-iOS-frameworks.sh\"\n";
			showEnvVarsInLog = 0;
		};
		4EE2568371E503D8F3039BDA /* Copy Pods Resources */ = {
			isa = PBXShellScriptBuildPhase;
			buildActionMask = 2147483647;
			files = (
			);
			inputPaths = (
			);
			name = "Copy Pods Resources";
			outputPaths = (
			);
			runOnlyForDeploymentPostprocessing = 0;
			shellPath = /bin/sh;
			shellScript = "\"${SRCROOT}/Pods/Target Support Files/Pods-SquadUp-iOS/Pods-SquadUp-iOS-resources.sh\"\n";
			showEnvVarsInLog = 0;
		};
		66FC7964325E39492F347F3A /* Check Pods Manifest.lock */ = {
			isa = PBXShellScriptBuildPhase;
			buildActionMask = 2147483647;
			files = (
			);
			inputPaths = (
			);
			name = "Check Pods Manifest.lock";
			outputPaths = (
			);
			runOnlyForDeploymentPostprocessing = 0;
			shellPath = /bin/sh;
			shellScript = "diff \"${PODS_ROOT}/../Podfile.lock\" \"${PODS_ROOT}/Manifest.lock\" > /dev/null\nif [[ $? != 0 ]] ; then\n    cat << EOM\nerror: The sandbox is not in sync with the Podfile.lock. Run 'pod install' or update your CocoaPods installation.\nEOM\n    exit 1\nfi\n";
			showEnvVarsInLog = 0;
		};
/* End PBXShellScriptBuildPhase section */

/* Begin PBXSourcesBuildPhase section */
		85A3C2931C536B5A00EF39EA /* Sources */ = {
			isa = PBXSourcesBuildPhase;
			buildActionMask = 2147483647;
			files = (
				8549C16B1C897EFC009BA652 /* RivalScreenViewController.swift in Sources */,
				85A3C2D51C53707300EF39EA /* EmailPasswordTextField.swift in Sources */,
				855DF55E1C54505D009B6D82 /* Post.swift in Sources */,
				85A5E0CA1C7FEFB700B2B5F8 /* PostCellView.swift in Sources */,
				85DA31EE1C6871E00078CCEF /* JoinGameLobbyViewController.swift in Sources */,
				855DF5581C54360F009B6D82 /* FeedVCViewController.swift in Sources */,
				85A3C2D11C53702B00EF39EA /* EmailLoginContainerView.swift in Sources */,
				855DF55A1C543711009B6D82 /* PostCellTableViewCell.swift in Sources */,
				856E84191C56254100AC544C /* RatingStarContainerView.swift in Sources */,
				8548BCFB1C755A6300CF3CA3 /* MapViewController.swift in Sources */,
				85A3C29D1C536B5A00EF39EA /* ViewController.swift in Sources */,
				85F7FE431C8B9FB60082E90E /* MoreSettingsTableViewCell.swift in Sources */,
				85F7FE451C8BA1080082E90E /* MoreSettingsViewController.swift in Sources */,
				8509CDAA1C5DEE2C00063F7D /* SportCell.swift in Sources */,
				8510E41C1C75AA9900C73C92 /* ChooseSportNotificationViewController.swift in Sources */,
				8549C1711C8ABBA7009BA652 /* NotificaionTableViewCell.swift in Sources */,
				8569C9A81C55E93700CE7197 /* ProfileViewController.swift in Sources */,
				85DA31F01C6872730078CCEF /* JoinLobbyCell.swift in Sources */,
				8549C1691C897B19009BA652 /* RivalListCell.swift in Sources */,
				85A3C29B1C536B5A00EF39EA /* AppDelegate.swift in Sources */,
				8572F4D11C86AFEF00A3D54E /* RoundButton.swift in Sources */,
				8549C16D1C8AA353009BA652 /* NotificationModel.swift in Sources */,
				857DA4F01C7A7B5200B0AEA8 /* ChooseSportsTableViewCell.swift in Sources */,
				856E84171C55F38D00AC544C /* RivalCollectionViewCell.swift in Sources */,
				85A3C2CD1C536FC900EF39EA /* FacebookLoginContainer.swift in Sources */,
				85A3C2CF1C53700500EF39EA /* Constants.swift in Sources */,
				85DA31F21C6883290078CCEF /* LobbyGameModel.swift in Sources */,
				85DA31F41C691BA10078CCEF /* GameLobbyViewController.swift in Sources */,
				8549C1671C89783A009BA652 /* RivalListViewController.swift in Sources */,
				8549C1651C8972AC009BA652 /* RivalChooseSportVC.swift in Sources */,
				8549C16F1C8ABA89009BA652 /* NotificationsViewController.swift in Sources */,
				8548BCF91C7551B000CF3CA3 /* CreateNewLobbyViewController.swift in Sources */,
				8510E41E1C75C9B300C73C92 /* Message.swift in Sources */,
				85A3C2D31C53704E00EF39EA /* FacebookLoginButton.swift in Sources */,
				857DA4EE1C79A5A300B0AEA8 /* RecentActivityViewController.swift in Sources */,
				85F8DE011C620E65006DFF11 /* SportViewController.swift in Sources */,
				855DF5561C5417E7009B6D82 /* DataService.swift in Sources */,
				8510E42A1C785D5200C73C92 /* PublicProfileViewController.swift in Sources */,
				85D664961C61F57D00CBDD0A /* UserModel.swift in Sources */,
				8509CDA81C5DED9100063F7D /* FindGameVC.swift in Sources */,
			);
			runOnlyForDeploymentPostprocessing = 0;
		};
		85A3C2A71C536B5A00EF39EA /* Sources */ = {
			isa = PBXSourcesBuildPhase;
			buildActionMask = 2147483647;
			files = (
				85A3C2B01C536B5A00EF39EA /* SquadUp_iOSTests.swift in Sources */,
			);
			runOnlyForDeploymentPostprocessing = 0;
		};
		85A3C2B21C536B5A00EF39EA /* Sources */ = {
			isa = PBXSourcesBuildPhase;
			buildActionMask = 2147483647;
			files = (
				85A3C2BB1C536B5A00EF39EA /* SquadUp_iOSUITests.swift in Sources */,
			);
			runOnlyForDeploymentPostprocessing = 0;
		};
/* End PBXSourcesBuildPhase section */

/* Begin PBXTargetDependency section */
		85A3C2AD1C536B5A00EF39EA /* PBXTargetDependency */ = {
			isa = PBXTargetDependency;
			target = 85A3C2961C536B5A00EF39EA /* SquadUp-iOS */;
			targetProxy = 85A3C2AC1C536B5A00EF39EA /* PBXContainerItemProxy */;
		};
		85A3C2B81C536B5A00EF39EA /* PBXTargetDependency */ = {
			isa = PBXTargetDependency;
			target = 85A3C2961C536B5A00EF39EA /* SquadUp-iOS */;
			targetProxy = 85A3C2B71C536B5A00EF39EA /* PBXContainerItemProxy */;
		};
/* End PBXTargetDependency section */

/* Begin PBXVariantGroup section */
		85A3C29E1C536B5A00EF39EA /* Main.storyboard */ = {
			isa = PBXVariantGroup;
			children = (
				85A3C29F1C536B5A00EF39EA /* Base */,
			);
			name = Main.storyboard;
			sourceTree = "<group>";
		};
		85A3C2A31C536B5A00EF39EA /* LaunchScreen.storyboard */ = {
			isa = PBXVariantGroup;
			children = (
				85A3C2A41C536B5A00EF39EA /* Base */,
			);
			name = LaunchScreen.storyboard;
			sourceTree = "<group>";
		};
/* End PBXVariantGroup section */

/* Begin XCBuildConfiguration section */
		85A3C2BD1C536B5A00EF39EA /* Debug */ = {
			isa = XCBuildConfiguration;
			buildSettings = {
				ALWAYS_SEARCH_USER_PATHS = NO;
				CLANG_CXX_LANGUAGE_STANDARD = "gnu++0x";
				CLANG_CXX_LIBRARY = "libc++";
				CLANG_ENABLE_MODULES = YES;
				CLANG_ENABLE_OBJC_ARC = YES;
				CLANG_WARN_BOOL_CONVERSION = YES;
				CLANG_WARN_CONSTANT_CONVERSION = YES;
				CLANG_WARN_DIRECT_OBJC_ISA_USAGE = YES_ERROR;
				CLANG_WARN_EMPTY_BODY = YES;
				CLANG_WARN_ENUM_CONVERSION = YES;
				CLANG_WARN_INT_CONVERSION = YES;
				CLANG_WARN_OBJC_ROOT_CLASS = YES_ERROR;
				CLANG_WARN_UNREACHABLE_CODE = YES;
				CLANG_WARN__DUPLICATE_METHOD_MATCH = YES;
				"CODE_SIGN_IDENTITY[sdk=iphoneos*]" = "iPhone Developer";
				COPY_PHASE_STRIP = NO;
				DEBUG_INFORMATION_FORMAT = dwarf;
				ENABLE_STRICT_OBJC_MSGSEND = YES;
				ENABLE_TESTABILITY = YES;
				GCC_C_LANGUAGE_STANDARD = gnu99;
				GCC_DYNAMIC_NO_PIC = NO;
				GCC_NO_COMMON_BLOCKS = YES;
				GCC_OPTIMIZATION_LEVEL = 0;
				GCC_PREPROCESSOR_DEFINITIONS = (
					"DEBUG=1",
					"$(inherited)",
				);
				GCC_WARN_64_TO_32_BIT_CONVERSION = YES;
				GCC_WARN_ABOUT_RETURN_TYPE = YES_ERROR;
				GCC_WARN_UNDECLARED_SELECTOR = YES;
				GCC_WARN_UNINITIALIZED_AUTOS = YES_AGGRESSIVE;
				GCC_WARN_UNUSED_FUNCTION = YES;
				GCC_WARN_UNUSED_VARIABLE = YES;
				IPHONEOS_DEPLOYMENT_TARGET = 9.2;
				MTL_ENABLE_DEBUG_INFO = YES;
				ONLY_ACTIVE_ARCH = YES;
				SDKROOT = iphoneos;
				SWIFT_OPTIMIZATION_LEVEL = "-Onone";
			};
			name = Debug;
		};
		85A3C2BE1C536B5A00EF39EA /* Release */ = {
			isa = XCBuildConfiguration;
			buildSettings = {
				ALWAYS_SEARCH_USER_PATHS = NO;
				CLANG_CXX_LANGUAGE_STANDARD = "gnu++0x";
				CLANG_CXX_LIBRARY = "libc++";
				CLANG_ENABLE_MODULES = YES;
				CLANG_ENABLE_OBJC_ARC = YES;
				CLANG_WARN_BOOL_CONVERSION = YES;
				CLANG_WARN_CONSTANT_CONVERSION = YES;
				CLANG_WARN_DIRECT_OBJC_ISA_USAGE = YES_ERROR;
				CLANG_WARN_EMPTY_BODY = YES;
				CLANG_WARN_ENUM_CONVERSION = YES;
				CLANG_WARN_INT_CONVERSION = YES;
				CLANG_WARN_OBJC_ROOT_CLASS = YES_ERROR;
				CLANG_WARN_UNREACHABLE_CODE = YES;
				CLANG_WARN__DUPLICATE_METHOD_MATCH = YES;
				"CODE_SIGN_IDENTITY[sdk=iphoneos*]" = "iPhone Developer";
				COPY_PHASE_STRIP = NO;
				DEBUG_INFORMATION_FORMAT = "dwarf-with-dsym";
				ENABLE_NS_ASSERTIONS = NO;
				ENABLE_STRICT_OBJC_MSGSEND = YES;
				GCC_C_LANGUAGE_STANDARD = gnu99;
				GCC_NO_COMMON_BLOCKS = YES;
				GCC_WARN_64_TO_32_BIT_CONVERSION = YES;
				GCC_WARN_ABOUT_RETURN_TYPE = YES_ERROR;
				GCC_WARN_UNDECLARED_SELECTOR = YES;
				GCC_WARN_UNINITIALIZED_AUTOS = YES_AGGRESSIVE;
				GCC_WARN_UNUSED_FUNCTION = YES;
				GCC_WARN_UNUSED_VARIABLE = YES;
				IPHONEOS_DEPLOYMENT_TARGET = 9.2;
				MTL_ENABLE_DEBUG_INFO = NO;
				SDKROOT = iphoneos;
				VALIDATE_PRODUCT = YES;
			};
			name = Release;
		};
		85A3C2C01C536B5A00EF39EA /* Debug */ = {
			isa = XCBuildConfiguration;
			baseConfigurationReference = 5C754B29D12BE1A88AD0545A /* Pods-SquadUp-iOS.debug.xcconfig */;
			buildSettings = {
				ASSETCATALOG_COMPILER_APPICON_NAME = AppIcon;
				CLANG_ENABLE_MODULES = YES;
				CODE_SIGN_IDENTITY = "iPhone Developer";
				ENABLE_BITCODE = NO;
				FRAMEWORK_SEARCH_PATHS = (
					"$(inherited)",
					"$(PROJECT_DIR)/SquadUp-iOS",
				);
				INFOPLIST_FILE = "SquadUp-iOS/Info.plist";
				LD_RUNPATH_SEARCH_PATHS = "$(inherited) @executable_path/Frameworks";
				PRODUCT_BUNDLE_IDENTIFIER = "Shaheen-Sharifian.SquadUp-iOS";
				PRODUCT_NAME = "$(TARGET_NAME)";
				SWIFT_OBJC_BRIDGING_HEADER = "SquadUp-iOS/SquadUp-iOS-Bridging-Header.h";
				SWIFT_OPTIMIZATION_LEVEL = "-Onone";
			};
			name = Debug;
		};
		85A3C2C11C536B5A00EF39EA /* Release */ = {
			isa = XCBuildConfiguration;
			baseConfigurationReference = B6C299F964AD7AAF68FAB18B /* Pods-SquadUp-iOS.release.xcconfig */;
			buildSettings = {
				ASSETCATALOG_COMPILER_APPICON_NAME = AppIcon;
				CLANG_ENABLE_MODULES = YES;
				CODE_SIGN_IDENTITY = "iPhone Developer";
				ENABLE_BITCODE = NO;
				FRAMEWORK_SEARCH_PATHS = (
					"$(inherited)",
					"$(PROJECT_DIR)/SquadUp-iOS",
				);
				INFOPLIST_FILE = "SquadUp-iOS/Info.plist";
				LD_RUNPATH_SEARCH_PATHS = "$(inherited) @executable_path/Frameworks";
				PRODUCT_BUNDLE_IDENTIFIER = "Shaheen-Sharifian.SquadUp-iOS";
				PRODUCT_NAME = "$(TARGET_NAME)";
				SWIFT_OBJC_BRIDGING_HEADER = "SquadUp-iOS/SquadUp-iOS-Bridging-Header.h";
			};
			name = Release;
		};
		85A3C2C31C536B5A00EF39EA /* Debug */ = {
			isa = XCBuildConfiguration;
			buildSettings = {
				BUNDLE_LOADER = "$(TEST_HOST)";
				INFOPLIST_FILE = "SquadUp-iOSTests/Info.plist";
				LD_RUNPATH_SEARCH_PATHS = "$(inherited) @executable_path/Frameworks @loader_path/Frameworks";
				PRODUCT_BUNDLE_IDENTIFIER = "Shaheen-Sharifian.SquadUp-iOSTests";
				PRODUCT_NAME = "$(TARGET_NAME)";
				TEST_HOST = "$(BUILT_PRODUCTS_DIR)/SquadUp-iOS.app/SquadUp-iOS";
			};
			name = Debug;
		};
		85A3C2C41C536B5A00EF39EA /* Release */ = {
			isa = XCBuildConfiguration;
			buildSettings = {
				BUNDLE_LOADER = "$(TEST_HOST)";
				INFOPLIST_FILE = "SquadUp-iOSTests/Info.plist";
				LD_RUNPATH_SEARCH_PATHS = "$(inherited) @executable_path/Frameworks @loader_path/Frameworks";
				PRODUCT_BUNDLE_IDENTIFIER = "Shaheen-Sharifian.SquadUp-iOSTests";
				PRODUCT_NAME = "$(TARGET_NAME)";
				TEST_HOST = "$(BUILT_PRODUCTS_DIR)/SquadUp-iOS.app/SquadUp-iOS";
			};
			name = Release;
		};
		85A3C2C61C536B5A00EF39EA /* Debug */ = {
			isa = XCBuildConfiguration;
			buildSettings = {
				INFOPLIST_FILE = "SquadUp-iOSUITests/Info.plist";
				LD_RUNPATH_SEARCH_PATHS = "$(inherited) @executable_path/Frameworks @loader_path/Frameworks";
				PRODUCT_BUNDLE_IDENTIFIER = "Shaheen-Sharifian.SquadUp-iOSUITests";
				PRODUCT_NAME = "$(TARGET_NAME)";
				TEST_TARGET_NAME = "SquadUp-iOS";
				USES_XCTRUNNER = YES;
			};
			name = Debug;
		};
		85A3C2C71C536B5A00EF39EA /* Release */ = {
			isa = XCBuildConfiguration;
			buildSettings = {
				INFOPLIST_FILE = "SquadUp-iOSUITests/Info.plist";
				LD_RUNPATH_SEARCH_PATHS = "$(inherited) @executable_path/Frameworks @loader_path/Frameworks";
				PRODUCT_BUNDLE_IDENTIFIER = "Shaheen-Sharifian.SquadUp-iOSUITests";
				PRODUCT_NAME = "$(TARGET_NAME)";
				TEST_TARGET_NAME = "SquadUp-iOS";
				USES_XCTRUNNER = YES;
			};
			name = Release;
		};
/* End XCBuildConfiguration section */

/* Begin XCConfigurationList section */
		85A3C2921C536B5A00EF39EA /* Build configuration list for PBXProject "SquadUp-iOS" */ = {
			isa = XCConfigurationList;
			buildConfigurations = (
				85A3C2BD1C536B5A00EF39EA /* Debug */,
				85A3C2BE1C536B5A00EF39EA /* Release */,
			);
			defaultConfigurationIsVisible = 0;
			defaultConfigurationName = Release;
		};
		85A3C2BF1C536B5A00EF39EA /* Build configuration list for PBXNativeTarget "SquadUp-iOS" */ = {
			isa = XCConfigurationList;
			buildConfigurations = (
				85A3C2C01C536B5A00EF39EA /* Debug */,
				85A3C2C11C536B5A00EF39EA /* Release */,
			);
			defaultConfigurationIsVisible = 0;
			defaultConfigurationName = Release;
		};
		85A3C2C21C536B5A00EF39EA /* Build configuration list for PBXNativeTarget "SquadUp-iOSTests" */ = {
			isa = XCConfigurationList;
			buildConfigurations = (
				85A3C2C31C536B5A00EF39EA /* Debug */,
				85A3C2C41C536B5A00EF39EA /* Release */,
			);
			defaultConfigurationIsVisible = 0;
			defaultConfigurationName = Release;
		};
		85A3C2C51C536B5A00EF39EA /* Build configuration list for PBXNativeTarget "SquadUp-iOSUITests" */ = {
			isa = XCConfigurationList;
			buildConfigurations = (
				85A3C2C61C536B5A00EF39EA /* Debug */,
				85A3C2C71C536B5A00EF39EA /* Release */,
			);
			defaultConfigurationIsVisible = 0;
			defaultConfigurationName = Release;
		};
/* End XCConfigurationList section */
	};
	rootObject = 85A3C28F1C536B5A00EF39EA /* Project object */;
}
